
Microsoft Visual Studio Solution File, Format Version 11.00
# Visual Studio 2010
Project("{FAE04EC0-301F-11D3-BF4B-00C04F79EFBC}") = "Assembly-CSharp-firstpass", "Assembly-CSharp-firstpass.csproj", "{0308bf55-0137-7083-b68c-6550531c5f2c}"
EndProject
Project("{FAE04EC0-301F-11D3-BF4B-00C04F79EFBC}") = "Assembly-CSharp", "Assembly-CSharp.csproj", "{2f2a30ad-a92d-f18e-7b52-2e092f3f7c45}"
EndProject
Project("{FAE04EC0-301F-11D3-BF4B-00C04F79EFBC}") = "Assembly-CSharp-Editor-firstpass", "Assembly-CSharp-Editor-firstpass.csproj", "{4d788e97-f687-e2fa-ac96-14012e81f32b}"
EndProject
Global
	GlobalSection(SolutionConfigurationPlatforms) = preSolution
		Debug|Any CPU = Debug|Any CPU
		Release|Any CPU = Release|Any CPU
	EndGlobalSection
	GlobalSection(ProjectConfigurationPlatforms) = postSolution
		{0308bf55-0137-7083-b68c-6550531c5f2c}.Debug|Any CPU.ActiveCfg = Debug|Any CPU
		{0308bf55-0137-7083-b68c-6550531c5f2c}.Debug|Any CPU.Build.0 = Debug|Any CPU
		{0308bf55-0137-7083-b68c-6550531c5f2c}.Release|Any CPU.ActiveCfg = Release|Any CPU
		{0308bf55-0137-7083-b68c-6550531c5f2c}.Release|Any CPU.Build.0 = Release|Any CPU
		{2f2a30ad-a92d-f18e-7b52-2e092f3f7c45}.Debug|Any CPU.ActiveCfg = Debug|Any CPU
		{2f2a30ad-a92d-f18e-7b52-2e092f3f7c45}.Debug|Any CPU.Build.0 = Debug|Any CPU
		{2f2a30ad-a92d-f18e-7b52-2e092f3f7c45}.Release|Any CPU.ActiveCfg = Release|Any CPU
		{2f2a30ad-a92d-f18e-7b52-2e092f3f7c45}.Release|Any CPU.Build.0 = Release|Any CPU
		{4d788e97-f687-e2fa-ac96-14012e81f32b}.Debug|Any CPU.ActiveCfg = Debug|Any CPU
		{4d788e97-f687-e2fa-ac96-14012e81f32b}.Debug|Any CPU.Build.0 = Debug|Any CPU
		{4d788e97-f687-e2fa-ac96-14012e81f32b}.Release|Any CPU.ActiveCfg = Release|Any CPU
		{4d788e97-f687-e2fa-ac96-14012e81f32b}.Release|Any CPU.Build.0 = Release|Any CPU
	EndGlobalSection
	GlobalSection(SolutionProperties) = preSolution
		HideSolutionNode = FALSE
	EndGlobalSection
EndGlobal
